
Microsoft Visual Studio Solution File, Format Version 12.00
# Visual Studio Version 17
VisualStudioVersion = 17.0.32112.339
MinimumVisualStudioVersion = 10.0.40219.1
Project("{FAE04EC0-301F-11D3-BF4B-00C04F79EFBC}") = "Lab3", "Lab3\Lab3.csproj", "{DBF45DF8-86AF-45C7-AFF3-B43C7892C0E9}"
EndProject
Global
	GlobalSection(SolutionConfigurationPlatforms) = preSolution
		Debug|Any CPU = Debug|Any CPU
		Release|Any CPU = Release|Any CPU
	EndGlobalSection
	GlobalSection(ProjectConfigurationPlatforms) = postSolution
		{DBF45DF8-86AF-45C7-AFF3-B43C7892C0E9}.Debug|Any CPU.ActiveCfg = Debug|Any CPU
		{DBF45DF8-86AF-45C7-AFF3-B43C7892C0E9}.Debug|Any CPU.Build.0 = Debug|Any CPU
		{DBF45DF8-86AF-45C7-AFF3-B43C7892C0E9}.Release|Any CPU.ActiveCfg = Release|Any CPU
		{DBF45DF8-86AF-45C7-AFF3-B43C7892C0E9}.Release|Any CPU.Build.0 = Release|Any CPU
	EndGlobalSection
	GlobalSection(SolutionProperties) = preSolution
		HideSolutionNode = FALSE
	EndGlobalSection
	GlobalSection(ExtensibilityGlobals) = postSolution
		SolutionGuid = {9C91191F-6665-4CB1-9F27-BBC4172EA2EE}
	EndGlobalSection
EndGlobal
